// !$*UTF8*$!
{
	archiveVersion = 1;
	classes = {
	};
	objectVersion = 51;
	objects = {

/* Begin PBXBuildFile section */
		1E85865726E8961000940CA2 /* SafariView.swift in Sources */ = {isa = PBXBuildFile; fileRef = 1E85865626E8961000940CA2 /* SafariView.swift */; };
		1E8A2C2226A9E9C00029CD19 /* AppDelegate.swift in Sources */ = {isa = PBXBuildFile; fileRef = 1E8A2C2126A9E9C00029CD19 /* AppDelegate.swift */; };
		1E8A2C2426A9E9C00029CD19 /* SceneDelegate.swift in Sources */ = {isa = PBXBuildFile; fileRef = 1E8A2C2326A9E9C00029CD19 /* SceneDelegate.swift */; };
		1E8A2C2626A9E9C00029CD19 /* MainView.swift in Sources */ = {isa = PBXBuildFile; fileRef = 1E8A2C2526A9E9C00029CD19 /* MainView.swift */; };
		1E8A2C2826A9E9C30029CD19 /* Assets.xcassets in Resources */ = {isa = PBXBuildFile; fileRef = 1E8A2C2726A9E9C30029CD19 /* Assets.xcassets */; };
		1E8A2C2B26A9E9C30029CD19 /* Preview Assets.xcassets in Resources */ = {isa = PBXBuildFile; fileRef = 1E8A2C2A26A9E9C30029CD19 /* Preview Assets.xcassets */; };
		1E8A2C2E26A9E9C30029CD19 /* LaunchScreen.storyboard in Resources */ = {isa = PBXBuildFile; fileRef = 1E8A2C2C26A9E9C30029CD19 /* LaunchScreen.storyboard */; };
		1E8A2C3926A9E9C30029CD19 /* MinHallTests.swift in Sources */ = {isa = PBXBuildFile; fileRef = 1E8A2C3826A9E9C30029CD19 /* MinHallTests.swift */; };
		1E8A2C4426A9E9C30029CD19 /* MinHallUITests.swift in Sources */ = {isa = PBXBuildFile; fileRef = 1E8A2C4326A9E9C30029CD19 /* MinHallUITests.swift */; };
		1E8A2C5226A9E9ED0029CD19 /* SeatSelectionView.swift in Sources */ = {isa = PBXBuildFile; fileRef = 1E8A2C5126A9E9ED0029CD19 /* SeatSelectionView.swift */; };
		1E8A2C5426A9EA000029CD19 /* LegacyScrollView.swift in Sources */ = {isa = PBXBuildFile; fileRef = 1E8A2C5326A9EA000029CD19 /* LegacyScrollView.swift */; };
		1E8A2C5626A9EA220029CD19 /* MapUtil.swift in Sources */ = {isa = PBXBuildFile; fileRef = 1E8A2C5526A9EA220029CD19 /* MapUtil.swift */; };
		1E8A2C5826A9EA3C0029CD19 /* Extensions.swift in Sources */ = {isa = PBXBuildFile; fileRef = 1E8A2C5726A9EA3C0029CD19 /* Extensions.swift */; };
		1E8A2C5A26A9EC550029CD19 /* SeatSelectionViewModel.swift in Sources */ = {isa = PBXBuildFile; fileRef = 1E8A2C5926A9EC550029CD19 /* SeatSelectionViewModel.swift */; };
		1E8A2C5C26AAE2380029CD19 /* LoginView.swift in Sources */ = {isa = PBXBuildFile; fileRef = 1E8A2C5B26AAE2380029CD19 /* LoginView.swift */; };
		1E8A2C6026AB11C90029CD19 /* CustomTextField.swift in Sources */ = {isa = PBXBuildFile; fileRef = 1E8A2C5F26AB11C90029CD19 /* CustomTextField.swift */; };
		1E8A2C6226AB1A770029CD19 /* NavigationBarModifier.swift in Sources */ = {isa = PBXBuildFile; fileRef = 1E8A2C6126AB1A770029CD19 /* NavigationBarModifier.swift */; };
		1E8A2C6426AB1FF20029CD19 /* TimeSelectionView.swift in Sources */ = {isa = PBXBuildFile; fileRef = 1E8A2C6326AB1FF20029CD19 /* TimeSelectionView.swift */; };
		1E8A2C6626AB23900029CD19 /* TimeSelectionViewModel.swift in Sources */ = {isa = PBXBuildFile; fileRef = 1E8A2C6526AB23900029CD19 /* TimeSelectionViewModel.swift */; };
		1E8A2C6826AB2C790029CD19 /* AppState.swift in Sources */ = {isa = PBXBuildFile; fileRef = 1E8A2C6726AB2C790029CD19 /* AppState.swift */; };
		1E8A2C6A26AB492D0029CD19 /* ReservationInfoView.swift in Sources */ = {isa = PBXBuildFile; fileRef = 1E8A2C6926AB492D0029CD19 /* ReservationInfoView.swift */; };
		1E8A2C6C26AB494A0029CD19 /* ReservationInfoViewModel.swift in Sources */ = {isa = PBXBuildFile; fileRef = 1E8A2C6B26AB494A0029CD19 /* ReservationInfoViewModel.swift */; };
		1E8A2C6E26AB4C080029CD19 /* RoundedBackgroundModifier.swift in Sources */ = {isa = PBXBuildFile; fileRef = 1E8A2C6D26AB4C080029CD19 /* RoundedBackgroundModifier.swift */; };
		1E9C787526C3DCF900F3EAA8 /* MinHallAPI.swift in Sources */ = {isa = PBXBuildFile; fileRef = 1E9C787426C3DCF900F3EAA8 /* MinHallAPI.swift */; };
		1E9C787826C3DDDB00F3EAA8 /* config.plist in Resources */ = {isa = PBXBuildFile; fileRef = 1E9C787726C3DDDB00F3EAA8 /* config.plist */; };
		1E9C787A26C3DE7C00F3EAA8 /* Config.swift in Sources */ = {isa = PBXBuildFile; fileRef = 1E9C787926C3DE7C00F3EAA8 /* Config.swift */; };
		1E9C787C26C3DFF900F3EAA8 /* Defaults.swift in Sources */ = {isa = PBXBuildFile; fileRef = 1E9C787B26C3DFF900F3EAA8 /* Defaults.swift */; };
		1E9C787E26C3E66900F3EAA8 /* Networking.swift in Sources */ = {isa = PBXBuildFile; fileRef = 1E9C787D26C3E66900F3EAA8 /* Networking.swift */; };
		1E9C788026C3E71200F3EAA8 /* Responses.swift in Sources */ = {isa = PBXBuildFile; fileRef = 1E9C787F26C3E71200F3EAA8 /* Responses.swift */; };
		1E9C788226C4154500F3EAA8 /* Reservation.swift in Sources */ = {isa = PBXBuildFile; fileRef = 1E9C788126C4154500F3EAA8 /* Reservation.swift */; };
		1E9C788426C4163000F3EAA8 /* MHError.swift in Sources */ = {isa = PBXBuildFile; fileRef = 1E9C788326C4163000F3EAA8 /* MHError.swift */; };
		1E9C788626C417B000F3EAA8 /* AuthInterceptor.swift in Sources */ = {isa = PBXBuildFile; fileRef = 1E9C788526C417B000F3EAA8 /* AuthInterceptor.swift */; };
		1E9C788926C4E03300F3EAA8 /* LoginViewModel.swift in Sources */ = {isa = PBXBuildFile; fileRef = 1E9C788826C4E03300F3EAA8 /* LoginViewModel.swift */; };
		1EC97E1026AD92590090BD4A /* SeatInfo.swift in Sources */ = {isa = PBXBuildFile; fileRef = 1EC97E0F26AD92590090BD4A /* SeatInfo.swift */; };
		1EC97E1326AD977E0090BD4A /* AnnounceModal.swift in Sources */ = {isa = PBXBuildFile; fileRef = 1EC97E1226AD977E0090BD4A /* AnnounceModal.swift */; };
		1EC97E1526AD9BBF0090BD4A /* MHButtonStyle.swift in Sources */ = {isa = PBXBuildFile; fileRef = 1EC97E1426AD9BBF0090BD4A /* MHButtonStyle.swift */; };
		1EC97E1726AF1E3C0090BD4A /* AlertModal.swift in Sources */ = {isa = PBXBuildFile; fileRef = 1EC97E1626AF1E3C0090BD4A /* AlertModal.swift */; };
		1EC97E1D26AF2E670090BD4A /* SettingsView.swift in Sources */ = {isa = PBXBuildFile; fileRef = 1EC97E1C26AF2E670090BD4A /* SettingsView.swift */; };
		1EC97E1F26AF3ADF0090BD4A /* SettingsViewModel.swift in Sources */ = {isa = PBXBuildFile; fileRef = 1EC97E1E26AF3ADF0090BD4A /* SettingsViewModel.swift */; };
		1EEEA3B926C913AB000F1129 /* LoaderModifier.swift in Sources */ = {isa = PBXBuildFile; fileRef = 1EEEA3B826C913AB000F1129 /* LoaderModifier.swift */; };
		1EEEA3BB26C9481D000F1129 /* LocalNotificationManager.swift in Sources */ = {isa = PBXBuildFile; fileRef = 1EEEA3BA26C9481D000F1129 /* LocalNotificationManager.swift */; };
		87DDD12A854A0D6390930D97 /* Pods_MinHall.framework in Frameworks */ = {isa = PBXBuildFile; fileRef = 36B12A1A6C5B3B124363E3F0 /* Pods_MinHall.framework */; };
/* End PBXBuildFile section */

/* Begin PBXContainerItemProxy section */
		1E8A2C3526A9E9C30029CD19 /* PBXContainerItemProxy */ = {
			isa = PBXContainerItemProxy;
			containerPortal = 1E8A2C1626A9E9C00029CD19 /* Project object */;
			proxyType = 1;
			remoteGlobalIDString = 1E8A2C1D26A9E9C00029CD19;
			remoteInfo = MinHall;
		};
		1E8A2C4026A9E9C30029CD19 /* PBXContainerItemProxy */ = {
			isa = PBXContainerItemProxy;
			containerPortal = 1E8A2C1626A9E9C00029CD19 /* Project object */;
			proxyType = 1;
			remoteGlobalIDString = 1E8A2C1D26A9E9C00029CD19;
			remoteInfo = MinHall;
		};
/* End PBXContainerItemProxy section */

/* Begin PBXFileReference section */
		1E85865626E8961000940CA2 /* SafariView.swift */ = {isa = PBXFileReference; lastKnownFileType = sourcecode.swift; path = SafariView.swift; sourceTree = "<group>"; };
		1E8A2C1E26A9E9C00029CD19 /* MinHall.app */ = {isa = PBXFileReference; explicitFileType = wrapper.application; includeInIndex = 0; path = MinHall.app; sourceTree = BUILT_PRODUCTS_DIR; };
		1E8A2C2126A9E9C00029CD19 /* AppDelegate.swift */ = {isa = PBXFileReference; lastKnownFileType = sourcecode.swift; path = AppDelegate.swift; sourceTree = "<group>"; };
		1E8A2C2326A9E9C00029CD19 /* SceneDelegate.swift */ = {isa = PBXFileReference; lastKnownFileType = sourcecode.swift; path = SceneDelegate.swift; sourceTree = "<group>"; };
		1E8A2C2526A9E9C00029CD19 /* MainView.swift */ = {isa = PBXFileReference; lastKnownFileType = sourcecode.swift; path = MainView.swift; sourceTree = "<group>"; };
		1E8A2C2726A9E9C30029CD19 /* Assets.xcassets */ = {isa = PBXFileReference; lastKnownFileType = folder.assetcatalog; path = Assets.xcassets; sourceTree = "<group>"; };
		1E8A2C2A26A9E9C30029CD19 /* Preview Assets.xcassets */ = {isa = PBXFileReference; lastKnownFileType = folder.assetcatalog; path = "Preview Assets.xcassets"; sourceTree = "<group>"; };
		1E8A2C2D26A9E9C30029CD19 /* Base */ = {isa = PBXFileReference; lastKnownFileType = file.storyboard; name = Base; path = Base.lproj/LaunchScreen.storyboard; sourceTree = "<group>"; };
		1E8A2C2F26A9E9C30029CD19 /* Info.plist */ = {isa = PBXFileReference; lastKnownFileType = text.plist.xml; path = Info.plist; sourceTree = "<group>"; };
		1E8A2C3426A9E9C30029CD19 /* MinHallTests.xctest */ = {isa = PBXFileReference; explicitFileType = wrapper.cfbundle; includeInIndex = 0; path = MinHallTests.xctest; sourceTree = BUILT_PRODUCTS_DIR; };
		1E8A2C3826A9E9C30029CD19 /* MinHallTests.swift */ = {isa = PBXFileReference; lastKnownFileType = sourcecode.swift; path = MinHallTests.swift; sourceTree = "<group>"; };
		1E8A2C3A26A9E9C30029CD19 /* Info.plist */ = {isa = PBXFileReference; lastKnownFileType = text.plist.xml; path = Info.plist; sourceTree = "<group>"; };
		1E8A2C3F26A9E9C30029CD19 /* MinHallUITests.xctest */ = {isa = PBXFileReference; explicitFileType = wrapper.cfbundle; includeInIndex = 0; path = MinHallUITests.xctest; sourceTree = BUILT_PRODUCTS_DIR; };
		1E8A2C4326A9E9C30029CD19 /* MinHallUITests.swift */ = {isa = PBXFileReference; lastKnownFileType = sourcecode.swift; path = MinHallUITests.swift; sourceTree = "<group>"; };
		1E8A2C4526A9E9C30029CD19 /* Info.plist */ = {isa = PBXFileReference; lastKnownFileType = text.plist.xml; path = Info.plist; sourceTree = "<group>"; };
		1E8A2C5126A9E9ED0029CD19 /* SeatSelectionView.swift */ = {isa = PBXFileReference; lastKnownFileType = sourcecode.swift; path = SeatSelectionView.swift; sourceTree = "<group>"; };
		1E8A2C5326A9EA000029CD19 /* LegacyScrollView.swift */ = {isa = PBXFileReference; lastKnownFileType = sourcecode.swift; path = LegacyScrollView.swift; sourceTree = "<group>"; };
		1E8A2C5526A9EA220029CD19 /* MapUtil.swift */ = {isa = PBXFileReference; lastKnownFileType = sourcecode.swift; path = MapUtil.swift; sourceTree = "<group>"; };
		1E8A2C5726A9EA3C0029CD19 /* Extensions.swift */ = {isa = PBXFileReference; lastKnownFileType = sourcecode.swift; path = Extensions.swift; sourceTree = "<group>"; };
		1E8A2C5926A9EC550029CD19 /* SeatSelectionViewModel.swift */ = {isa = PBXFileReference; lastKnownFileType = sourcecode.swift; path = SeatSelectionViewModel.swift; sourceTree = "<group>"; };
		1E8A2C5B26AAE2380029CD19 /* LoginView.swift */ = {isa = PBXFileReference; lastKnownFileType = sourcecode.swift; path = LoginView.swift; sourceTree = "<group>"; };
		1E8A2C5F26AB11C90029CD19 /* CustomTextField.swift */ = {isa = PBXFileReference; lastKnownFileType = sourcecode.swift; path = CustomTextField.swift; sourceTree = "<group>"; };
		1E8A2C6126AB1A770029CD19 /* NavigationBarModifier.swift */ = {isa = PBXFileReference; lastKnownFileType = sourcecode.swift; path = NavigationBarModifier.swift; sourceTree = "<group>"; };
		1E8A2C6326AB1FF20029CD19 /* TimeSelectionView.swift */ = {isa = PBXFileReference; lastKnownFileType = sourcecode.swift; path = TimeSelectionView.swift; sourceTree = "<group>"; };
		1E8A2C6526AB23900029CD19 /* TimeSelectionViewModel.swift */ = {isa = PBXFileReference; lastKnownFileType = sourcecode.swift; path = TimeSelectionViewModel.swift; sourceTree = "<group>"; };
		1E8A2C6726AB2C790029CD19 /* AppState.swift */ = {isa = PBXFileReference; lastKnownFileType = sourcecode.swift; path = AppState.swift; sourceTree = "<group>"; };
		1E8A2C6926AB492D0029CD19 /* ReservationInfoView.swift */ = {isa = PBXFileReference; lastKnownFileType = sourcecode.swift; path = ReservationInfoView.swift; sourceTree = "<group>"; };
		1E8A2C6B26AB494A0029CD19 /* ReservationInfoViewModel.swift */ = {isa = PBXFileReference; lastKnownFileType = sourcecode.swift; path = ReservationInfoViewModel.swift; sourceTree = "<group>"; };
		1E8A2C6D26AB4C080029CD19 /* RoundedBackgroundModifier.swift */ = {isa = PBXFileReference; lastKnownFileType = sourcecode.swift; path = RoundedBackgroundModifier.swift; sourceTree = "<group>"; };
		1E9C787426C3DCF900F3EAA8 /* MinHallAPI.swift */ = {isa = PBXFileReference; lastKnownFileType = sourcecode.swift; path = MinHallAPI.swift; sourceTree = "<group>"; };
		1E9C787726C3DDDB00F3EAA8 /* config.plist */ = {isa = PBXFileReference; lastKnownFileType = text.plist.xml; path = config.plist; sourceTree = "<group>"; };
		1E9C787926C3DE7C00F3EAA8 /* Config.swift */ = {isa = PBXFileReference; lastKnownFileType = sourcecode.swift; path = Config.swift; sourceTree = "<group>"; };
		1E9C787B26C3DFF900F3EAA8 /* Defaults.swift */ = {isa = PBXFileReference; lastKnownFileType = sourcecode.swift; path = Defaults.swift; sourceTree = "<group>"; };
		1E9C787D26C3E66900F3EAA8 /* Networking.swift */ = {isa = PBXFileReference; lastKnownFileType = sourcecode.swift; path = Networking.swift; sourceTree = "<group>"; };
		1E9C787F26C3E71200F3EAA8 /* Responses.swift */ = {isa = PBXFileReference; lastKnownFileType = sourcecode.swift; path = Responses.swift; sourceTree = "<group>"; };
		1E9C788126C4154500F3EAA8 /* Reservation.swift */ = {isa = PBXFileReference; lastKnownFileType = sourcecode.swift; path = Reservation.swift; sourceTree = "<group>"; };
		1E9C788326C4163000F3EAA8 /* MHError.swift */ = {isa = PBXFileReference; lastKnownFileType = sourcecode.swift; path = MHError.swift; sourceTree = "<group>"; };
		1E9C788526C417B000F3EAA8 /* AuthInterceptor.swift */ = {isa = PBXFileReference; lastKnownFileType = sourcecode.swift; path = AuthInterceptor.swift; sourceTree = "<group>"; };
		1E9C788826C4E03300F3EAA8 /* LoginViewModel.swift */ = {isa = PBXFileReference; lastKnownFileType = sourcecode.swift; path = LoginViewModel.swift; sourceTree = "<group>"; };
		1EC97E0F26AD92590090BD4A /* SeatInfo.swift */ = {isa = PBXFileReference; lastKnownFileType = sourcecode.swift; path = SeatInfo.swift; sourceTree = "<group>"; };
		1EC97E1226AD977E0090BD4A /* AnnounceModal.swift */ = {isa = PBXFileReference; lastKnownFileType = sourcecode.swift; path = AnnounceModal.swift; sourceTree = "<group>"; };
		1EC97E1426AD9BBF0090BD4A /* MHButtonStyle.swift */ = {isa = PBXFileReference; lastKnownFileType = sourcecode.swift; path = MHButtonStyle.swift; sourceTree = "<group>"; };
		1EC97E1626AF1E3C0090BD4A /* AlertModal.swift */ = {isa = PBXFileReference; lastKnownFileType = sourcecode.swift; path = AlertModal.swift; sourceTree = "<group>"; };
		1EC97E1C26AF2E670090BD4A /* SettingsView.swift */ = {isa = PBXFileReference; lastKnownFileType = sourcecode.swift; path = SettingsView.swift; sourceTree = "<group>"; };
		1EC97E1E26AF3ADF0090BD4A /* SettingsViewModel.swift */ = {isa = PBXFileReference; lastKnownFileType = sourcecode.swift; path = SettingsViewModel.swift; sourceTree = "<group>"; };
		1EEEA3B826C913AB000F1129 /* LoaderModifier.swift */ = {isa = PBXFileReference; lastKnownFileType = sourcecode.swift; path = LoaderModifier.swift; sourceTree = "<group>"; };
		1EEEA3BA26C9481D000F1129 /* LocalNotificationManager.swift */ = {isa = PBXFileReference; lastKnownFileType = sourcecode.swift; path = LocalNotificationManager.swift; sourceTree = "<group>"; };
		313CC57C07A94053C24A0DA5 /* Pods-MinHall.release.xcconfig */ = {isa = PBXFileReference; includeInIndex = 1; lastKnownFileType = text.xcconfig; name = "Pods-MinHall.release.xcconfig"; path = "Target Support Files/Pods-MinHall/Pods-MinHall.release.xcconfig"; sourceTree = "<group>"; };
		36B12A1A6C5B3B124363E3F0 /* Pods_MinHall.framework */ = {isa = PBXFileReference; explicitFileType = wrapper.framework; includeInIndex = 0; path = Pods_MinHall.framework; sourceTree = BUILT_PRODUCTS_DIR; };
		5C526874A2723A48B11E4859 /* Pods-MinHall.debug.xcconfig */ = {isa = PBXFileReference; includeInIndex = 1; lastKnownFileType = text.xcconfig; name = "Pods-MinHall.debug.xcconfig"; path = "Target Support Files/Pods-MinHall/Pods-MinHall.debug.xcconfig"; sourceTree = "<group>"; };
/* End PBXFileReference section */

/* Begin PBXFrameworksBuildPhase section */
		1E8A2C1B26A9E9C00029CD19 /* Frameworks */ = {
			isa = PBXFrameworksBuildPhase;
			buildActionMask = 2147483647;
			files = (
				87DDD12A854A0D6390930D97 /* Pods_MinHall.framework in Frameworks */,
			);
			runOnlyForDeploymentPostprocessing = 0;
		};
		1E8A2C3126A9E9C30029CD19 /* Frameworks */ = {
			isa = PBXFrameworksBuildPhase;
			buildActionMask = 2147483647;
			files = (
			);
			runOnlyForDeploymentPostprocessing = 0;
		};
		1E8A2C3C26A9E9C30029CD19 /* Frameworks */ = {
			isa = PBXFrameworksBuildPhase;
			buildActionMask = 2147483647;
			files = (
			);
			runOnlyForDeploymentPostprocessing = 0;
		};
/* End PBXFrameworksBuildPhase section */

/* Begin PBXGroup section */
		015886E1B96B07815B20040E /* Frameworks */ = {
			isa = PBXGroup;
			children = (
				36B12A1A6C5B3B124363E3F0 /* Pods_MinHall.framework */,
			);
			name = Frameworks;
			sourceTree = "<group>";
		};
		1E8A2C1526A9E9C00029CD19 = {
			isa = PBXGroup;
			children = (
				1E8A2C2026A9E9C00029CD19 /* MinHall */,
				1E8A2C3726A9E9C30029CD19 /* MinHallTests */,
				1E8A2C4226A9E9C30029CD19 /* MinHallUITests */,
				1E8A2C1F26A9E9C00029CD19 /* Products */,
				97F3C5272E4CAF27175E32BD /* Pods */,
				015886E1B96B07815B20040E /* Frameworks */,
			);
			sourceTree = "<group>";
		};
		1E8A2C1F26A9E9C00029CD19 /* Products */ = {
			isa = PBXGroup;
			children = (
				1E8A2C1E26A9E9C00029CD19 /* MinHall.app */,
				1E8A2C3426A9E9C30029CD19 /* MinHallTests.xctest */,
				1E8A2C3F26A9E9C30029CD19 /* MinHallUITests.xctest */,
			);
			name = Products;
			sourceTree = "<group>";
		};
		1E8A2C2026A9E9C00029CD19 /* MinHall */ = {
			isa = PBXGroup;
			children = (
				1EC97E0E26AD92480090BD4A /* Model */,
				1EC97E1126AD959D0090BD4A /* ViewComponents */,
				1EC97E1826AF2E0B0090BD4A /* Views */,
				1EC97E1926AF2E200090BD4A /* ViewModels */,
				1E9C787326C3B05C00F3EAA8 /* Networking */,
				1E9C787626C3DDBF00F3EAA8 /* Supporting Files */,
				1E9C788726C4CFCC00F3EAA8 /* Utils */,
				1E8A2C2126A9E9C00029CD19 /* AppDelegate.swift */,
				1E8A2C2326A9E9C00029CD19 /* SceneDelegate.swift */,
				1E8A2C6726AB2C790029CD19 /* AppState.swift */,
				1E8A2C5726A9EA3C0029CD19 /* Extensions.swift */,
				1E8A2C2726A9E9C30029CD19 /* Assets.xcassets */,
				1E8A2C2C26A9E9C30029CD19 /* LaunchScreen.storyboard */,
				1E8A2C2F26A9E9C30029CD19 /* Info.plist */,
				1E8A2C2926A9E9C30029CD19 /* Preview Content */,
			);
			path = MinHall;
			sourceTree = "<group>";
		};
		1E8A2C2926A9E9C30029CD19 /* Preview Content */ = {
			isa = PBXGroup;
			children = (
				1E8A2C2A26A9E9C30029CD19 /* Preview Assets.xcassets */,
			);
			path = "Preview Content";
			sourceTree = "<group>";
		};
		1E8A2C3726A9E9C30029CD19 /* MinHallTests */ = {
			isa = PBXGroup;
			children = (
				1E8A2C3826A9E9C30029CD19 /* MinHallTests.swift */,
				1E8A2C3A26A9E9C30029CD19 /* Info.plist */,
			);
			path = MinHallTests;
			sourceTree = "<group>";
		};
		1E8A2C4226A9E9C30029CD19 /* MinHallUITests */ = {
			isa = PBXGroup;
			children = (
				1E8A2C4326A9E9C30029CD19 /* MinHallUITests.swift */,
				1E8A2C4526A9E9C30029CD19 /* Info.plist */,
			);
			path = MinHallUITests;
			sourceTree = "<group>";
		};
		1E9C787326C3B05C00F3EAA8 /* Networking */ = {
			isa = PBXGroup;
			children = (
				1E9C787426C3DCF900F3EAA8 /* MinHallAPI.swift */,
				1E9C787D26C3E66900F3EAA8 /* Networking.swift */,
				1E9C788526C417B000F3EAA8 /* AuthInterceptor.swift */,
				1E9C787F26C3E71200F3EAA8 /* Responses.swift */,
				1E9C788326C4163000F3EAA8 /* MHError.swift */,
			);
			path = Networking;
			sourceTree = "<group>";
		};
		1E9C787626C3DDBF00F3EAA8 /* Supporting Files */ = {
			isa = PBXGroup;
			children = (
				1E9C787926C3DE7C00F3EAA8 /* Config.swift */,
				1E9C787726C3DDDB00F3EAA8 /* config.plist */,
			);
			path = "Supporting Files";
			sourceTree = "<group>";
		};
		1E9C788726C4CFCC00F3EAA8 /* Utils */ = {
			isa = PBXGroup;
			children = (
				1E9C787B26C3DFF900F3EAA8 /* Defaults.swift */,
				1E8A2C5526A9EA220029CD19 /* MapUtil.swift */,
				1EEEA3BA26C9481D000F1129 /* LocalNotificationManager.swift */,
			);
			path = Utils;
			sourceTree = "<group>";
		};
		1EC97E0E26AD92480090BD4A /* Model */ = {
			isa = PBXGroup;
			children = (
				1EC97E0F26AD92590090BD4A /* SeatInfo.swift */,
				1E9C788126C4154500F3EAA8 /* Reservation.swift */,
			);
			path = Model;
			sourceTree = "<group>";
		};
		1EC97E1126AD959D0090BD4A /* ViewComponents */ = {
			isa = PBXGroup;
			children = (
				1E8A2C6126AB1A770029CD19 /* NavigationBarModifier.swift */,
				1E8A2C6D26AB4C080029CD19 /* RoundedBackgroundModifier.swift */,
				1EEEA3B826C913AB000F1129 /* LoaderModifier.swift */,
				1E85865626E8961000940CA2 /* SafariView.swift */,
				1E8A2C5F26AB11C90029CD19 /* CustomTextField.swift */,
				1E8A2C5326A9EA000029CD19 /* LegacyScrollView.swift */,
				1EC97E1226AD977E0090BD4A /* AnnounceModal.swift */,
				1EC97E1626AF1E3C0090BD4A /* AlertModal.swift */,
				1EC97E1426AD9BBF0090BD4A /* MHButtonStyle.swift */,
			);
			path = ViewComponents;
			sourceTree = "<group>";
		};
		1EC97E1826AF2E0B0090BD4A /* Views */ = {
			isa = PBXGroup;
			children = (
				1E8A2C6326AB1FF20029CD19 /* TimeSelectionView.swift */,
				1E8A2C5126A9E9ED0029CD19 /* SeatSelectionView.swift */,
				1E8A2C6926AB492D0029CD19 /* ReservationInfoView.swift */,
				1EC97E1C26AF2E670090BD4A /* SettingsView.swift */,
				1E8A2C2526A9E9C00029CD19 /* MainView.swift */,
				1E8A2C5B26AAE2380029CD19 /* LoginView.swift */,
			);
			path = Views;
			sourceTree = "<group>";
		};
		1EC97E1926AF2E200090BD4A /* ViewModels */ = {
			isa = PBXGroup;
			children = (
				1E8A2C6526AB23900029CD19 /* TimeSelectionViewModel.swift */,
				1E8A2C5926A9EC550029CD19 /* SeatSelectionViewModel.swift */,
				1E8A2C6B26AB494A0029CD19 /* ReservationInfoViewModel.swift */,
				1EC97E1E26AF3ADF0090BD4A /* SettingsViewModel.swift */,
				1E9C788826C4E03300F3EAA8 /* LoginViewModel.swift */,
			);
			path = ViewModels;
			sourceTree = "<group>";
		};
		97F3C5272E4CAF27175E32BD /* Pods */ = {
			isa = PBXGroup;
			children = (
				5C526874A2723A48B11E4859 /* Pods-MinHall.debug.xcconfig */,
				313CC57C07A94053C24A0DA5 /* Pods-MinHall.release.xcconfig */,
			);
			path = Pods;
			sourceTree = "<group>";
		};
/* End PBXGroup section */

/* Begin PBXNativeTarget section */
		1E8A2C1D26A9E9C00029CD19 /* MinHall */ = {
			isa = PBXNativeTarget;
			buildConfigurationList = 1E8A2C4826A9E9C30029CD19 /* Build configuration list for PBXNativeTarget "MinHall" */;
			buildPhases = (
				4AEB7370EC82A6FE1B0838B6 /* [CP] Check Pods Manifest.lock */,
				1E8A2C1A26A9E9C00029CD19 /* Sources */,
				1E8A2C1B26A9E9C00029CD19 /* Frameworks */,
				1E8A2C1C26A9E9C00029CD19 /* Resources */,
				7E3AF7F88B6F973CF1E4F889 /* [CP] Embed Pods Frameworks */,
			);
			buildRules = (
			);
			dependencies = (
			);
			name = MinHall;
			productName = MinHall;
			productReference = 1E8A2C1E26A9E9C00029CD19 /* MinHall.app */;
			productType = "com.apple.product-type.application";
		};
		1E8A2C3326A9E9C30029CD19 /* MinHallTests */ = {
			isa = PBXNativeTarget;
			buildConfigurationList = 1E8A2C4B26A9E9C30029CD19 /* Build configuration list for PBXNativeTarget "MinHallTests" */;
			buildPhases = (
				1E8A2C3026A9E9C30029CD19 /* Sources */,
				1E8A2C3126A9E9C30029CD19 /* Frameworks */,
				1E8A2C3226A9E9C30029CD19 /* Resources */,
			);
			buildRules = (
			);
			dependencies = (
				1E8A2C3626A9E9C30029CD19 /* PBXTargetDependency */,
			);
			name = MinHallTests;
			productName = MinHallTests;
			productReference = 1E8A2C3426A9E9C30029CD19 /* MinHallTests.xctest */;
			productType = "com.apple.product-type.bundle.unit-test";
		};
		1E8A2C3E26A9E9C30029CD19 /* MinHallUITests */ = {
			isa = PBXNativeTarget;
			buildConfigurationList = 1E8A2C4E26A9E9C30029CD19 /* Build configuration list for PBXNativeTarget "MinHallUITests" */;
			buildPhases = (
				1E8A2C3B26A9E9C30029CD19 /* Sources */,
				1E8A2C3C26A9E9C30029CD19 /* Frameworks */,
				1E8A2C3D26A9E9C30029CD19 /* Resources */,
			);
			buildRules = (
			);
			dependencies = (
				1E8A2C4126A9E9C30029CD19 /* PBXTargetDependency */,
			);
			name = MinHallUITests;
			productName = MinHallUITests;
			productReference = 1E8A2C3F26A9E9C30029CD19 /* MinHallUITests.xctest */;
			productType = "com.apple.product-type.bundle.ui-testing";
		};
/* End PBXNativeTarget section */

/* Begin PBXProject section */
		1E8A2C1626A9E9C00029CD19 /* Project object */ = {
			isa = PBXProject;
			attributes = {
				LastSwiftUpdateCheck = 1250;
				LastUpgradeCheck = 1250;
				TargetAttributes = {
					1E8A2C1D26A9E9C00029CD19 = {
						CreatedOnToolsVersion = 12.5.1;
					};
					1E8A2C3326A9E9C30029CD19 = {
						CreatedOnToolsVersion = 12.5.1;
						TestTargetID = 1E8A2C1D26A9E9C00029CD19;
					};
					1E8A2C3E26A9E9C30029CD19 = {
						CreatedOnToolsVersion = 12.5.1;
						TestTargetID = 1E8A2C1D26A9E9C00029CD19;
					};
				};
			};
			buildConfigurationList = 1E8A2C1926A9E9C00029CD19 /* Build configuration list for PBXProject "MinHall" */;
			compatibilityVersion = "Xcode 9.3";
			developmentRegion = en;
			hasScannedForEncodings = 0;
			knownRegions = (
				en,
				Base,
			);
			mainGroup = 1E8A2C1526A9E9C00029CD19;
			productRefGroup = 1E8A2C1F26A9E9C00029CD19 /* Products */;
			projectDirPath = "";
			projectRoot = "";
			targets = (
				1E8A2C1D26A9E9C00029CD19 /* MinHall */,
				1E8A2C3326A9E9C30029CD19 /* MinHallTests */,
				1E8A2C3E26A9E9C30029CD19 /* MinHallUITests */,
			);
		};
/* End PBXProject section */

/* Begin PBXResourcesBuildPhase section */
		1E8A2C1C26A9E9C00029CD19 /* Resources */ = {
			isa = PBXResourcesBuildPhase;
			buildActionMask = 2147483647;
			files = (
				1E8A2C2E26A9E9C30029CD19 /* LaunchScreen.storyboard in Resources */,
				1E8A2C2B26A9E9C30029CD19 /* Preview Assets.xcassets in Resources */,
				1E9C787826C3DDDB00F3EAA8 /* config.plist in Resources */,
				1E8A2C2826A9E9C30029CD19 /* Assets.xcassets in Resources */,
			);
			runOnlyForDeploymentPostprocessing = 0;
		};
		1E8A2C3226A9E9C30029CD19 /* Resources */ = {
			isa = PBXResourcesBuildPhase;
			buildActionMask = 2147483647;
			files = (
			);
			runOnlyForDeploymentPostprocessing = 0;
		};
		1E8A2C3D26A9E9C30029CD19 /* Resources */ = {
			isa = PBXResourcesBuildPhase;
			buildActionMask = 2147483647;
			files = (
			);
			runOnlyForDeploymentPostprocessing = 0;
		};
/* End PBXResourcesBuildPhase section */

/* Begin PBXShellScriptBuildPhase section */
		4AEB7370EC82A6FE1B0838B6 /* [CP] Check Pods Manifest.lock */ = {
			isa = PBXShellScriptBuildPhase;
			buildActionMask = 2147483647;
			files = (
			);
			inputFileListPaths = (
			);
			inputPaths = (
				"${PODS_PODFILE_DIR_PATH}/Podfile.lock",
				"${PODS_ROOT}/Manifest.lock",
			);
			name = "[CP] Check Pods Manifest.lock";
			outputFileListPaths = (
			);
			outputPaths = (
				"$(DERIVED_FILE_DIR)/Pods-MinHall-checkManifestLockResult.txt",
			);
			runOnlyForDeploymentPostprocessing = 0;
			shellPath = /bin/sh;
			shellScript = "diff \"${PODS_PODFILE_DIR_PATH}/Podfile.lock\" \"${PODS_ROOT}/Manifest.lock\" > /dev/null\nif [ $? != 0 ] ; then\n    # print error to STDERR\n    echo \"error: The sandbox is not in sync with the Podfile.lock. Run 'pod install' or update your CocoaPods installation.\" >&2\n    exit 1\nfi\n# This output is used by Xcode 'outputs' to avoid re-running this script phase.\necho \"SUCCESS\" > \"${SCRIPT_OUTPUT_FILE_0}\"\n";
			showEnvVarsInLog = 0;
		};
		7E3AF7F88B6F973CF1E4F889 /* [CP] Embed Pods Frameworks */ = {
			isa = PBXShellScriptBuildPhase;
			buildActionMask = 2147483647;
			files = (
			);
			inputFileListPaths = (
				"${PODS_ROOT}/Target Support Files/Pods-MinHall/Pods-MinHall-frameworks-${CONFIGURATION}-input-files.xcfilelist",
			);
			name = "[CP] Embed Pods Frameworks";
			outputFileListPaths = (
				"${PODS_ROOT}/Target Support Files/Pods-MinHall/Pods-MinHall-frameworks-${CONFIGURATION}-output-files.xcfilelist",
			);
			runOnlyForDeploymentPostprocessing = 0;
			shellPath = /bin/sh;
			shellScript = "\"${PODS_ROOT}/Target Support Files/Pods-MinHall/Pods-MinHall-frameworks.sh\"\n";
			showEnvVarsInLog = 0;
		};
/* End PBXShellScriptBuildPhase section */

/* Begin PBXSourcesBuildPhase section */
		1E8A2C1A26A9E9C00029CD19 /* Sources */ = {
			isa = PBXSourcesBuildPhase;
			buildActionMask = 2147483647;
			files = (
				1E8A2C6226AB1A770029CD19 /* NavigationBarModifier.swift in Sources */,
				1E9C787C26C3DFF900F3EAA8 /* Defaults.swift in Sources */,
				1EEEA3BB26C9481D000F1129 /* LocalNotificationManager.swift in Sources */,
				1EC97E1F26AF3ADF0090BD4A /* SettingsViewModel.swift in Sources */,
				1E9C787E26C3E66900F3EAA8 /* Networking.swift in Sources */,
				1E8A2C6E26AB4C080029CD19 /* RoundedBackgroundModifier.swift in Sources */,
				1E8A2C5226A9E9ED0029CD19 /* SeatSelectionView.swift in Sources */,
				1E8A2C6626AB23900029CD19 /* TimeSelectionViewModel.swift in Sources */,
				1EC97E1526AD9BBF0090BD4A /* MHButtonStyle.swift in Sources */,
				1EEEA3B926C913AB000F1129 /* LoaderModifier.swift in Sources */,
				1EC97E1726AF1E3C0090BD4A /* AlertModal.swift in Sources */,
				1E8A2C6C26AB494A0029CD19 /* ReservationInfoViewModel.swift in Sources */,
				1E8A2C5426A9EA000029CD19 /* LegacyScrollView.swift in Sources */,
				1E8A2C2226A9E9C00029CD19 /* AppDelegate.swift in Sources */,
				1E9C788026C3E71200F3EAA8 /* Responses.swift in Sources */,
				1E8A2C5C26AAE2380029CD19 /* LoginView.swift in Sources */,
				1E8A2C6026AB11C90029CD19 /* CustomTextField.swift in Sources */,
				1E9C787A26C3DE7C00F3EAA8 /* Config.swift in Sources */,
				1E8A2C6A26AB492D0029CD19 /* ReservationInfoView.swift in Sources */,
				1EC97E1026AD92590090BD4A /* SeatInfo.swift in Sources */,
				1E8A2C6426AB1FF20029CD19 /* TimeSelectionView.swift in Sources */,
				1E8A2C2426A9E9C00029CD19 /* SceneDelegate.swift in Sources */,
				1E9C788926C4E03300F3EAA8 /* LoginViewModel.swift in Sources */,
				1E8A2C6826AB2C790029CD19 /* AppState.swift in Sources */,
				1E8A2C2626A9E9C00029CD19 /* MainView.swift in Sources */,
				1E9C787526C3DCF900F3EAA8 /* MinHallAPI.swift in Sources */,
				1E9C788226C4154500F3EAA8 /* Reservation.swift in Sources */,
				1E8A2C5626A9EA220029CD19 /* MapUtil.swift in Sources */,
				1E9C788626C417B000F3EAA8 /* AuthInterceptor.swift in Sources */,
				1E8A2C5A26A9EC550029CD19 /* SeatSelectionViewModel.swift in Sources */,
				1E8A2C5826A9EA3C0029CD19 /* Extensions.swift in Sources */,
				1EC97E1326AD977E0090BD4A /* AnnounceModal.swift in Sources */,
				1E9C788426C4163000F3EAA8 /* MHError.swift in Sources */,
				1EC97E1D26AF2E670090BD4A /* SettingsView.swift in Sources */,
				1E85865726E8961000940CA2 /* SafariView.swift in Sources */,
			);
			runOnlyForDeploymentPostprocessing = 0;
		};
		1E8A2C3026A9E9C30029CD19 /* Sources */ = {
			isa = PBXSourcesBuildPhase;
			buildActionMask = 2147483647;
			files = (
				1E8A2C3926A9E9C30029CD19 /* MinHallTests.swift in Sources */,
			);
			runOnlyForDeploymentPostprocessing = 0;
		};
		1E8A2C3B26A9E9C30029CD19 /* Sources */ = {
			isa = PBXSourcesBuildPhase;
			buildActionMask = 2147483647;
			files = (
				1E8A2C4426A9E9C30029CD19 /* MinHallUITests.swift in Sources */,
			);
			runOnlyForDeploymentPostprocessing = 0;
		};
/* End PBXSourcesBuildPhase section */

/* Begin PBXTargetDependency section */
		1E8A2C3626A9E9C30029CD19 /* PBXTargetDependency */ = {
			isa = PBXTargetDependency;
			target = 1E8A2C1D26A9E9C00029CD19 /* MinHall */;
			targetProxy = 1E8A2C3526A9E9C30029CD19 /* PBXContainerItemProxy */;
		};
		1E8A2C4126A9E9C30029CD19 /* PBXTargetDependency */ = {
			isa = PBXTargetDependency;
			target = 1E8A2C1D26A9E9C00029CD19 /* MinHall */;
			targetProxy = 1E8A2C4026A9E9C30029CD19 /* PBXContainerItemProxy */;
		};
/* End PBXTargetDependency section */

/* Begin PBXVariantGroup section */
		1E8A2C2C26A9E9C30029CD19 /* LaunchScreen.storyboard */ = {
			isa = PBXVariantGroup;
			children = (
				1E8A2C2D26A9E9C30029CD19 /* Base */,
			);
			name = LaunchScreen.storyboard;
			sourceTree = "<group>";
		};
/* End PBXVariantGroup section */

/* Begin XCBuildConfiguration section */
		1E8A2C4626A9E9C30029CD19 /* Debug */ = {
			isa = XCBuildConfiguration;
			buildSettings = {
				ALWAYS_SEARCH_USER_PATHS = NO;
				CLANG_ANALYZER_NONNULL = YES;
				CLANG_ANALYZER_NUMBER_OBJECT_CONVERSION = YES_AGGRESSIVE;
				CLANG_CXX_LANGUAGE_STANDARD = "gnu++14";
				CLANG_CXX_LIBRARY = "libc++";
				CLANG_ENABLE_MODULES = YES;
				CLANG_ENABLE_OBJC_ARC = YES;
				CLANG_ENABLE_OBJC_WEAK = YES;
				CLANG_WARN_BLOCK_CAPTURE_AUTORELEASING = YES;
				CLANG_WARN_BOOL_CONVERSION = YES;
				CLANG_WARN_COMMA = YES;
				CLANG_WARN_CONSTANT_CONVERSION = YES;
				CLANG_WARN_DEPRECATED_OBJC_IMPLEMENTATIONS = YES;
				CLANG_WARN_DIRECT_OBJC_ISA_USAGE = YES_ERROR;
				CLANG_WARN_DOCUMENTATION_COMMENTS = YES;
				CLANG_WARN_EMPTY_BODY = YES;
				CLANG_WARN_ENUM_CONVERSION = YES;
				CLANG_WARN_INFINITE_RECURSION = YES;
				CLANG_WARN_INT_CONVERSION = YES;
				CLANG_WARN_NON_LITERAL_NULL_CONVERSION = YES;
				CLANG_WARN_OBJC_IMPLICIT_RETAIN_SELF = YES;
				CLANG_WARN_OBJC_LITERAL_CONVERSION = YES;
				CLANG_WARN_OBJC_ROOT_CLASS = YES_ERROR;
				CLANG_WARN_QUOTED_INCLUDE_IN_FRAMEWORK_HEADER = YES;
				CLANG_WARN_RANGE_LOOP_ANALYSIS = YES;
				CLANG_WARN_STRICT_PROTOTYPES = YES;
				CLANG_WARN_SUSPICIOUS_MOVE = YES;
				CLANG_WARN_UNGUARDED_AVAILABILITY = YES_AGGRESSIVE;
				CLANG_WARN_UNREACHABLE_CODE = YES;
				CLANG_WARN__DUPLICATE_METHOD_MATCH = YES;
				COPY_PHASE_STRIP = NO;
				DEBUG_INFORMATION_FORMAT = dwarf;
				ENABLE_STRICT_OBJC_MSGSEND = YES;
				ENABLE_TESTABILITY = YES;
				GCC_C_LANGUAGE_STANDARD = gnu11;
				GCC_DYNAMIC_NO_PIC = NO;
				GCC_NO_COMMON_BLOCKS = YES;
				GCC_OPTIMIZATION_LEVEL = 0;
				GCC_PREPROCESSOR_DEFINITIONS = (
					"DEBUG=1",
					"$(inherited)",
				);
				GCC_WARN_64_TO_32_BIT_CONVERSION = YES;
				GCC_WARN_ABOUT_RETURN_TYPE = YES_ERROR;
				GCC_WARN_UNDECLARED_SELECTOR = YES;
				GCC_WARN_UNINITIALIZED_AUTOS = YES_AGGRESSIVE;
				GCC_WARN_UNUSED_FUNCTION = YES;
				GCC_WARN_UNUSED_VARIABLE = YES;
				IPHONEOS_DEPLOYMENT_TARGET = 14.5;
				MTL_ENABLE_DEBUG_INFO = INCLUDE_SOURCE;
				MTL_FAST_MATH = YES;
				ONLY_ACTIVE_ARCH = YES;
				SDKROOT = iphoneos;
				SWIFT_ACTIVE_COMPILATION_CONDITIONS = DEBUG;
				SWIFT_OPTIMIZATION_LEVEL = "-Onone";
			};
			name = Debug;
		};
		1E8A2C4726A9E9C30029CD19 /* Release */ = {
			isa = XCBuildConfiguration;
			buildSettings = {
				ALWAYS_SEARCH_USER_PATHS = NO;
				CLANG_ANALYZER_NONNULL = YES;
				CLANG_ANALYZER_NUMBER_OBJECT_CONVERSION = YES_AGGRESSIVE;
				CLANG_CXX_LANGUAGE_STANDARD = "gnu++14";
				CLANG_CXX_LIBRARY = "libc++";
				CLANG_ENABLE_MODULES = YES;
				CLANG_ENABLE_OBJC_ARC = YES;
				CLANG_ENABLE_OBJC_WEAK = YES;
				CLANG_WARN_BLOCK_CAPTURE_AUTORELEASING = YES;
				CLANG_WARN_BOOL_CONVERSION = YES;
				CLANG_WARN_COMMA = YES;
				CLANG_WARN_CONSTANT_CONVERSION = YES;
				CLANG_WARN_DEPRECATED_OBJC_IMPLEMENTATIONS = YES;
				CLANG_WARN_DIRECT_OBJC_ISA_USAGE = YES_ERROR;
				CLANG_WARN_DOCUMENTATION_COMMENTS = YES;
				CLANG_WARN_EMPTY_BODY = YES;
				CLANG_WARN_ENUM_CONVERSION = YES;
				CLANG_WARN_INFINITE_RECURSION = YES;
				CLANG_WARN_INT_CONVERSION = YES;
				CLANG_WARN_NON_LITERAL_NULL_CONVERSION = YES;
				CLANG_WARN_OBJC_IMPLICIT_RETAIN_SELF = YES;
				CLANG_WARN_OBJC_LITERAL_CONVERSION = YES;
				CLANG_WARN_OBJC_ROOT_CLASS = YES_ERROR;
				CLANG_WARN_QUOTED_INCLUDE_IN_FRAMEWORK_HEADER = YES;
				CLANG_WARN_RANGE_LOOP_ANALYSIS = YES;
				CLANG_WARN_STRICT_PROTOTYPES = YES;
				CLANG_WARN_SUSPICIOUS_MOVE = YES;
				CLANG_WARN_UNGUARDED_AVAILABILITY = YES_AGGRESSIVE;
				CLANG_WARN_UNREACHABLE_CODE = YES;
				CLANG_WARN__DUPLICATE_METHOD_MATCH = YES;
				COPY_PHASE_STRIP = NO;
				DEBUG_INFORMATION_FORMAT = "dwarf-with-dsym";
				ENABLE_NS_ASSERTIONS = NO;
				ENABLE_STRICT_OBJC_MSGSEND = YES;
				GCC_C_LANGUAGE_STANDARD = gnu11;
				GCC_NO_COMMON_BLOCKS = YES;
				GCC_WARN_64_TO_32_BIT_CONVERSION = YES;
				GCC_WARN_ABOUT_RETURN_TYPE = YES_ERROR;
				GCC_WARN_UNDECLARED_SELECTOR = YES;
				GCC_WARN_UNINITIALIZED_AUTOS = YES_AGGRESSIVE;
				GCC_WARN_UNUSED_FUNCTION = YES;
				GCC_WARN_UNUSED_VARIABLE = YES;
				IPHONEOS_DEPLOYMENT_TARGET = 14.5;
				MTL_ENABLE_DEBUG_INFO = NO;
				MTL_FAST_MATH = YES;
				SDKROOT = iphoneos;
				SWIFT_COMPILATION_MODE = wholemodule;
				SWIFT_OPTIMIZATION_LEVEL = "-O";
				VALIDATE_PRODUCT = YES;
			};
			name = Release;
		};
		1E8A2C4926A9E9C30029CD19 /* Debug */ = {
			isa = XCBuildConfiguration;
			baseConfigurationReference = 5C526874A2723A48B11E4859 /* Pods-MinHall.debug.xcconfig */;
			buildSettings = {
				ASSETCATALOG_COMPILER_APPICON_NAME = AppIcon;
				ASSETCATALOG_COMPILER_GLOBAL_ACCENT_COLOR_NAME = AccentColor;
				CODE_SIGN_STYLE = Automatic;
				CURRENT_PROJECT_VERSION = 1;
				DEVELOPMENT_ASSET_PATHS = "\"MinHall/Preview Content\"";
				DEVELOPMENT_TEAM = S23G35QQ2V;
				DISPLAY_NAME = "SNU 민상렬홀-debug";
				ENABLE_PREVIEWS = YES;
				INFOPLIST_FILE = MinHall/Info.plist;
				IPHONEOS_DEPLOYMENT_TARGET = 14.1;
				LD_RUNPATH_SEARCH_PATHS = (
					"$(inherited)",
					"@executable_path/Frameworks",
				);
				MARKETING_VERSION = 1.0.1;
				PRODUCT_BUNDLE_IDENTIFIER = "com.wafflestudio.minhall-debug";
				PRODUCT_NAME = "$(TARGET_NAME)";
				SWIFT_VERSION = 5.0;
				TARGETED_DEVICE_FAMILY = 1;
			};
			name = Debug;
		};
		1E8A2C4A26A9E9C30029CD19 /* Release */ = {
			isa = XCBuildConfiguration;
			baseConfigurationReference = 313CC57C07A94053C24A0DA5 /* Pods-MinHall.release.xcconfig */;
			buildSettings = {
				ASSETCATALOG_COMPILER_APPICON_NAME = AppIcon;
				ASSETCATALOG_COMPILER_GLOBAL_ACCENT_COLOR_NAME = AccentColor;
				CODE_SIGN_STYLE = Automatic;
				CURRENT_PROJECT_VERSION = 1;
				DEVELOPMENT_ASSET_PATHS = "\"MinHall/Preview Content\"";
				DEVELOPMENT_TEAM = S23G35QQ2V;
				DISPLAY_NAME = "SNU 민상렬홀";
				ENABLE_PREVIEWS = YES;
				INFOPLIST_FILE = MinHall/Info.plist;
				IPHONEOS_DEPLOYMENT_TARGET = 14.1;
				LD_RUNPATH_SEARCH_PATHS = (
					"$(inherited)",
					"@executable_path/Frameworks",
				);
				MARKETING_VERSION = 1.0.1;
				PRODUCT_BUNDLE_IDENTIFIER = com.wafflestudio.minhall;
				PRODUCT_NAME = "$(TARGET_NAME)";
				SWIFT_VERSION = 5.0;
				TARGETED_DEVICE_FAMILY = 1;
			};
			name = Release;
		};
		1E8A2C4C26A9E9C30029CD19 /* Debug */ = {
			isa = XCBuildConfiguration;
			buildSettings = {
				ALWAYS_EMBED_SWIFT_STANDARD_LIBRARIES = YES;
				BUNDLE_LOADER = "$(TEST_HOST)";
				CODE_SIGN_STYLE = Automatic;
				DEVELOPMENT_TEAM = S23G35QQ2V;
				INFOPLIST_FILE = MinHallTests/Info.plist;
				IPHONEOS_DEPLOYMENT_TARGET = 14.5;
				LD_RUNPATH_SEARCH_PATHS = (
					"$(inherited)",
					"@executable_path/Frameworks",
					"@loader_path/Frameworks",
				);
				PRODUCT_BUNDLE_IDENTIFIER = com.wafflestudio.MinHallTests;
				PRODUCT_NAME = "$(TARGET_NAME)";
				SWIFT_VERSION = 5.0;
				TARGETED_DEVICE_FAMILY = "1,2";
				TEST_HOST = "$(BUILT_PRODUCTS_DIR)/MinHall.app/MinHall";
			};
			name = Debug;
		};
		1E8A2C4D26A9E9C30029CD19 /* Release */ = {
			isa = XCBuildConfiguration;
			buildSettings = {
				ALWAYS_EMBED_SWIFT_STANDARD_LIBRARIES = YES;
				BUNDLE_LOADER = "$(TEST_HOST)";
				CODE_SIGN_STYLE = Automatic;
				DEVELOPMENT_TEAM = S23G35QQ2V;
				INFOPLIST_FILE = MinHallTests/Info.plist;
				IPHONEOS_DEPLOYMENT_TARGET = 14.5;
				LD_RUNPATH_SEARCH_PATHS = (
					"$(inherited)",
					"@executable_path/Frameworks",
					"@loader_path/Frameworks",
				);
				PRODUCT_BUNDLE_IDENTIFIER = com.wafflestudio.MinHallTests;
				PRODUCT_NAME = "$(TARGET_NAME)";
				SWIFT_VERSION = 5.0;
				TARGETED_DEVICE_FAMILY = "1,2";
				TEST_HOST = "$(BUILT_PRODUCTS_DIR)/MinHall.app/MinHall";
			};
			name = Release;
		};
		1E8A2C4F26A9E9C30029CD19 /* Debug */ = {
			isa = XCBuildConfiguration;
			buildSettings = {
				ALWAYS_EMBED_SWIFT_STANDARD_LIBRARIES = YES;
				CODE_SIGN_STYLE = Automatic;
				DEVELOPMENT_TEAM = S23G35QQ2V;
				INFOPLIST_FILE = MinHallUITests/Info.plist;
				LD_RUNPATH_SEARCH_PATHS = (
					"$(inherited)",
					"@executable_path/Frameworks",
					"@loader_path/Frameworks",
				);
				PRODUCT_BUNDLE_IDENTIFIER = com.wafflestudio.MinHallUITests;
				PRODUCT_NAME = "$(TARGET_NAME)";
				SWIFT_VERSION = 5.0;
				TARGETED_DEVICE_FAMILY = "1,2";
				TEST_TARGET_NAME = MinHall;
			};
			name = Debug;
		};
		1E8A2C5026A9E9C30029CD19 /* Release */ = {
			isa = XCBuildConfiguration;
			buildSettings = {
				ALWAYS_EMBED_SWIFT_STANDARD_LIBRARIES = YES;
				CODE_SIGN_STYLE = Automatic;
				DEVELOPMENT_TEAM = S23G35QQ2V;
				INFOPLIST_FILE = MinHallUITests/Info.plist;
				LD_RUNPATH_SEARCH_PATHS = (
					"$(inherited)",
					"@executable_path/Frameworks",
					"@loader_path/Frameworks",
				);
				PRODUCT_BUNDLE_IDENTIFIER = com.wafflestudio.MinHallUITests;
				PRODUCT_NAME = "$(TARGET_NAME)";
				SWIFT_VERSION = 5.0;
				TARGETED_DEVICE_FAMILY = "1,2";
				TEST_TARGET_NAME = MinHall;
			};
			name = Release;
		};
/* End XCBuildConfiguration section */

/* Begin XCConfigurationList section */
		1E8A2C1926A9E9C00029CD19 /* Build configuration list for PBXProject "MinHall" */ = {
			isa = XCConfigurationList;
			buildConfigurations = (
				1E8A2C4626A9E9C30029CD19 /* Debug */,
				1E8A2C4726A9E9C30029CD19 /* Release */,
			);
			defaultConfigurationIsVisible = 0;
			defaultConfigurationName = Release;
		};
		1E8A2C4826A9E9C30029CD19 /* Build configuration list for PBXNativeTarget "MinHall" */ = {
			isa = XCConfigurationList;
			buildConfigurations = (
				1E8A2C4926A9E9C30029CD19 /* Debug */,
				1E8A2C4A26A9E9C30029CD19 /* Release */,
			);
			defaultConfigurationIsVisible = 0;
			defaultConfigurationName = Release;
		};
		1E8A2C4B26A9E9C30029CD19 /* Build configuration list for PBXNativeTarget "MinHallTests" */ = {
			isa = XCConfigurationList;
			buildConfigurations = (
				1E8A2C4C26A9E9C30029CD19 /* Debug */,
				1E8A2C4D26A9E9C30029CD19 /* Release */,
			);
			defaultConfigurationIsVisible = 0;
			defaultConfigurationName = Release;
		};
		1E8A2C4E26A9E9C30029CD19 /* Build configuration list for PBXNativeTarget "MinHallUITests" */ = {
			isa = XCConfigurationList;
			buildConfigurations = (
				1E8A2C4F26A9E9C30029CD19 /* Debug */,
				1E8A2C5026A9E9C30029CD19 /* Release */,
			);
			defaultConfigurationIsVisible = 0;
			defaultConfigurationName = Release;
		};
/* End XCConfigurationList section */
	};
	rootObject = 1E8A2C1626A9E9C00029CD19 /* Project object */;
}
